
Microsoft Visual Studio Solution File, Format Version 12.00
# Visual Studio 15
VisualStudioVersion = 15.0.26430.16
MinimumVisualStudioVersion = 10.0.40219.1
Project("{FAE04EC0-301F-11D3-BF4B-00C04F79EFBC}") = "ChessValidator", "ChessValidator\ChessValidator.csproj", "{0DDC9564-ED8B-4A4D-AEBC-53963CF24DF1}"
EndProject
Project("{FAE04EC0-301F-11D3-BF4B-00C04F79EFBC}") = "ChessTest", "ChessTest\ChessTest.csproj", "{676A8DE0-1D52-4FFA-AD81-859402C1FDE0}"
EndProject
Global
	GlobalSection(SolutionConfigurationPlatforms) = preSolution
		Debug|Any CPU = Debug|Any CPU
		Release|Any CPU = Release|Any CPU
	EndGlobalSection
	GlobalSection(ProjectConfigurationPlatforms) = postSolution
		{0DDC9564-ED8B-4A4D-AEBC-53963CF24DF1}.Debug|Any CPU.ActiveCfg = Debug|Any CPU
		{0DDC9564-ED8B-4A4D-AEBC-53963CF24DF1}.Debug|Any CPU.Build.0 = Debug|Any CPU
		{0DDC9564-ED8B-4A4D-AEBC-53963CF24DF1}.Release|Any CPU.ActiveCfg = Release|Any CPU
		{0DDC9564-ED8B-4A4D-AEBC-53963CF24DF1}.Release|Any CPU.Build.0 = Release|Any CPU
		{676A8DE0-1D52-4FFA-AD81-859402C1FDE0}.Debug|Any CPU.ActiveCfg = Debug|Any CPU
		{676A8DE0-1D52-4FFA-AD81-859402C1FDE0}.Debug|Any CPU.Build.0 = Debug|Any CPU
		{676A8DE0-1D52-4FFA-AD81-859402C1FDE0}.Release|Any CPU.ActiveCfg = Release|Any CPU
		{676A8DE0-1D52-4FFA-AD81-859402C1FDE0}.Release|Any CPU.Build.0 = Release|Any CPU
	EndGlobalSection
	GlobalSection(SolutionProperties) = preSolution
		HideSolutionNode = FALSE
	EndGlobalSection
EndGlobal
